github.com/awnumar/memcall v0.2.0 h1:sRaogqExTOOkkNwO9pzJsL8jrOV29UuUW7teRMfbqtI=
github.com/awnumar/memcall v0.2.0/go.mod h1:S911igBPR9CThzd/hYQQmTc9SWNu3ZHIlCGaWsWsoJo=
github.com/awnumar/memguard v0.22.5 h1:PH7sbUVERS5DdXh3+mLo8FDcl1eIeVjJVYMnyuYpvuI=
github.com/awnumar/memguard v0.22.5/go.mod h1:+APmZGThMBWjnMlKiSM1X7MVpbIVewen2MTkqWkA/zE=
golang.org/x/crypto v0.38.0 h1:jt+WWG8IZlBnVbomuhg2Mdq0+BBQaHbtqHEFEigjUV8=
golang.org/x/crypto v0.38.0/go.mod h1:MvrbAqul58NNYPKnOra203SB9vpuZW0e+RRZV+Ggqjw=
golang.org/x/net v0.40.0 h1:79Xs7wF06Gbdcg4kdCCIQArK11Z1hr5POQ6+fIYHNuY=
golang.org/x/net v0.40.0/go.mod h1:y0hY0exeL2Pku80/zKK7tpntoX23cqL3Oa6njdgRtds=
golang.org/x/sys v0.0.0-20191001151750-bb3f8db39f24/go.mod h1:h1NjWce9XRLGQEsW7wpKNCjG9DtNlClVuFLEZdDNbEs=
golang.org/x/sys v0.33.0 h1:q3i8TbbEz+JRD9ywIRlyRAQbM0qF7hu24q3teo2hbuw=
golang.org/x/sys v0.33.0/go.mod h1:BJP2sWEmIv4KK5OTEluFJCKSidICx8ciO85XgH3Ak8k=
